
Microsoft Visual Studio Solution File, Format Version 12.00
# Visual Studio Version 17
VisualStudioVersion = 17.6.33829.357
MinimumVisualStudioVersion = 10.0.40219.1
Project("{FAE04EC0-301F-11D3-BF4B-00C04F79EFBC}") = "TurfManagement", "TurfManagement.csproj", "{B0B119D1-C43E-423B-BD41-7EB19C49C74C}"
EndProject
Global
	GlobalSection(SolutionConfigurationPlatforms) = preSolution
		Debug|Any CPU = Debug|Any CPU
		Release|Any CPU = Release|Any CPU
	EndGlobalSection
	GlobalSection(ProjectConfigurationPlatforms) = postSolution
		{B0B119D1-C43E-423B-BD41-7EB19C49C74C}.Debug|Any CPU.ActiveCfg = Debug|Any CPU
		{B0B119D1-C43E-423B-BD41-7EB19C49C74C}.Debug|Any CPU.Build.0 = Debug|Any CPU
		{B0B119D1-C43E-423B-BD41-7EB19C49C74C}.Release|Any CPU.ActiveCfg = Release|Any CPU
		{B0B119D1-C43E-423B-BD41-7EB19C49C74C}.Release|Any CPU.Build.0 = Release|Any CPU
	EndGlobalSection
	GlobalSection(SolutionProperties) = preSolution
		HideSolutionNode = FALSE
	EndGlobalSection
	GlobalSection(ExtensibilityGlobals) = postSolution
		SolutionGuid = {22E03CFD-D239-4979-A8FB-993EDD9BD5D4}
	EndGlobalSection
EndGlobal
